{
  "object": {
    "pins": [
      {
        "package": "FSCalendar",
        "repositoryURL": "https://github.com/WenchaoD/FSCalendar",
        "state": {
          "branch": null,
          "revision": "0fbdec5172fccb90f707472eeaea4ffe095278f6",
          "version": "2.8.4"
        }
      }
    ]
  },
  "version": 1
}
